
Microsoft Visual Studio Solution File, Format Version 12.00
# Visual Studio 15
VisualStudioVersion = 15.0.26124.0
MinimumVisualStudioVersion = 15.0.26124.0
Project("{FAE04EC0-301F-11D3-BF4B-00C04F79EFBC}") = "RiderAutocolor", "RiderAutocolor\RiderAutocolor.csproj", "{300CE6C2-5B3B-40FF-B102-6934E906DAC2}"
EndProject
Project("{FAE04EC0-301F-11D3-BF4B-00C04F79EFBC}") = "RiderAutocolor.Test", "RiderAutocolor.Test\RiderAutocolor.Test.csproj", "{BFC114B7-8C9A-45EE-9695-42B2935706DC}"
EndProject
Project("{2150E333-8FDC-42A3-9474-1A3956D46DE8}") = "SolutionFiles", "SolutionFiles", "{071732D3-5184-47A9-8678-A53CCEE54086}"
ProjectSection(SolutionItems) = preProject
	.gitignore = .gitignore
	README.md = README.md
EndProjectSection
EndProject
Global
	GlobalSection(SolutionConfigurationPlatforms) = preSolution
		Debug|Any CPU = Debug|Any CPU
		Debug|x64 = Debug|x64
		Debug|x86 = Debug|x86
		Release|Any CPU = Release|Any CPU
		Release|x64 = Release|x64
		Release|x86 = Release|x86
	EndGlobalSection
	GlobalSection(SolutionProperties) = preSolution
		HideSolutionNode = FALSE
	EndGlobalSection
	GlobalSection(ProjectConfigurationPlatforms) = postSolution
		{300CE6C2-5B3B-40FF-B102-6934E906DAC2}.Debug|Any CPU.ActiveCfg = Debug|Any CPU
		{300CE6C2-5B3B-40FF-B102-6934E906DAC2}.Debug|Any CPU.Build.0 = Debug|Any CPU
		{300CE6C2-5B3B-40FF-B102-6934E906DAC2}.Debug|x64.ActiveCfg = Debug|Any CPU
		{300CE6C2-5B3B-40FF-B102-6934E906DAC2}.Debug|x64.Build.0 = Debug|Any CPU
		{300CE6C2-5B3B-40FF-B102-6934E906DAC2}.Debug|x86.ActiveCfg = Debug|Any CPU
		{300CE6C2-5B3B-40FF-B102-6934E906DAC2}.Debug|x86.Build.0 = Debug|Any CPU
		{300CE6C2-5B3B-40FF-B102-6934E906DAC2}.Release|Any CPU.ActiveCfg = Release|Any CPU
		{300CE6C2-5B3B-40FF-B102-6934E906DAC2}.Release|Any CPU.Build.0 = Release|Any CPU
		{300CE6C2-5B3B-40FF-B102-6934E906DAC2}.Release|x64.ActiveCfg = Release|Any CPU
		{300CE6C2-5B3B-40FF-B102-6934E906DAC2}.Release|x64.Build.0 = Release|Any CPU
		{300CE6C2-5B3B-40FF-B102-6934E906DAC2}.Release|x86.ActiveCfg = Release|Any CPU
		{300CE6C2-5B3B-40FF-B102-6934E906DAC2}.Release|x86.Build.0 = Release|Any CPU
		{BFC114B7-8C9A-45EE-9695-42B2935706DC}.Debug|Any CPU.ActiveCfg = Debug|Any CPU
		{BFC114B7-8C9A-45EE-9695-42B2935706DC}.Debug|Any CPU.Build.0 = Debug|Any CPU
		{BFC114B7-8C9A-45EE-9695-42B2935706DC}.Debug|x64.ActiveCfg = Debug|Any CPU
		{BFC114B7-8C9A-45EE-9695-42B2935706DC}.Debug|x64.Build.0 = Debug|Any CPU
		{BFC114B7-8C9A-45EE-9695-42B2935706DC}.Debug|x86.ActiveCfg = Debug|Any CPU
		{BFC114B7-8C9A-45EE-9695-42B2935706DC}.Debug|x86.Build.0 = Debug|Any CPU
		{BFC114B7-8C9A-45EE-9695-42B2935706DC}.Release|Any CPU.ActiveCfg = Release|Any CPU
		{BFC114B7-8C9A-45EE-9695-42B2935706DC}.Release|Any CPU.Build.0 = Release|Any CPU
		{BFC114B7-8C9A-45EE-9695-42B2935706DC}.Release|x64.ActiveCfg = Release|Any CPU
		{BFC114B7-8C9A-45EE-9695-42B2935706DC}.Release|x64.Build.0 = Release|Any CPU
		{BFC114B7-8C9A-45EE-9695-42B2935706DC}.Release|x86.ActiveCfg = Release|Any CPU
		{BFC114B7-8C9A-45EE-9695-42B2935706DC}.Release|x86.Build.0 = Release|Any CPU
	EndGlobalSection
EndGlobal
